
Microsoft Visual Studio Solution File, Format Version 12.00
# Visual Studio Version 16
VisualStudioVersion = 16.0.29728.190
MinimumVisualStudioVersion = 10.0.40219.1
Project("{FAE04EC0-301F-11D3-BF4B-00C04F79EFBC}") = "PhoneBook", "PhoneBook.csproj", "{46F79862-ABF8-4F5E-AE89-EECBDE204C15}"
EndProject
Global
	GlobalSection(SolutionConfigurationPlatforms) = preSolution
		Debug|Any CPU = Debug|Any CPU
		Release|Any CPU = Release|Any CPU
	EndGlobalSection
	GlobalSection(ProjectConfigurationPlatforms) = postSolution
		{46F79862-ABF8-4F5E-AE89-EECBDE204C15}.Debug|Any CPU.ActiveCfg = Debug|Any CPU
		{46F79862-ABF8-4F5E-AE89-EECBDE204C15}.Debug|Any CPU.Build.0 = Debug|Any CPU
		{46F79862-ABF8-4F5E-AE89-EECBDE204C15}.Release|Any CPU.ActiveCfg = Release|Any CPU
		{46F79862-ABF8-4F5E-AE89-EECBDE204C15}.Release|Any CPU.Build.0 = Release|Any CPU
	EndGlobalSection
	GlobalSection(SolutionProperties) = preSolution
		HideSolutionNode = FALSE
	EndGlobalSection
	GlobalSection(ExtensibilityGlobals) = postSolution
		SolutionGuid = {AA09C565-7158-4258-8B98-511D31E0DA31}
	EndGlobalSection
EndGlobal
